<?xml version="1.0" encoding="UTF-8" standalone="yes" ?>
<CodeBlocks_project_file>
	<FileVersion major="1" minor="6" />
	<Project>
		<Option title="h0wXD.IO.VirtualFileSystem" />
		<Option pch_mode="2" />
		<Option compiler="gcc" />
		<Build>
			<Target title="Debug">
				<Option output="bin/Debug/h0wXD.IO.VirtualFileSystem" prefix_auto="1" extension_auto="1" />
				<Option working_dir="" />
				<Option object_output="obj/Debug/" />
				<Option type="2" />
				<Option compiler="gcc" />
				<Option createDefFile="1" />
				<Compiler>
					<Add option="-std=c++11" />
					<Add option="-Wall" />
					<Add option="-g" />
					<Add directory="include" />
				</Compiler>
				<Linker>
					<Add library="h0wXD.IO.a" />
					<Add directory="../h0wXD.IO/bin/Debug/" />
				</Linker>
			</Target>
			<Target title="Release">
				<Option output="bin/Release/h0wXD.IO.VirtualFileSystem" prefix_auto="1" extension_auto="1" />
				<Option working_dir="" />
				<Option object_output="obj/Release/" />
				<Option type="2" />
				<Option compiler="gcc" />
				<Option createDefFile="1" />
				<Compiler>
					<Add option="-O2" />
					<Add option="-std=c++11" />
					<Add option="-Wall" />
					<Add directory="include" />
				</Compiler>
				<Linker>
					<Add option="-s" />
					<Add library="h0wXD.IO.a" />
					<Add directory="../h0wXD.IO/bin/Release/" />
				</Linker>
			</Target>
		</Build>
		<Unit filename="include/File.h" />
		<Unit filename="include/IVirtualFile.h" />
		<Unit filename="include/Repository.h" />
		<Unit filename="src/File.cpp" />
		<Unit filename="src/Repository.cpp" />
		<Extensions>
			<code_completion />
			<envvars />
			<debugger />
			<lib_finder disable_auto="1" />
		</Extensions>
	</Project>
</CodeBlocks_project_file>
